
Microsoft Visual Studio Solution File, Format Version 12.00
# Visual Studio Version 17
VisualStudioVersion = 17.6.33815.320
MinimumVisualStudioVersion = 10.0.40219.1
Project("{FAE04EC0-301F-11D3-BF4B-00C04F79EFBC}") = "QLTTSVNTNT", "QLTTSVNTNT\QLTTSVNTNT.csproj", "{949963D8-8AF4-470B-83EE-960D8B06043F}"
EndProject
Project("{FAE04EC0-301F-11D3-BF4B-00C04F79EFBC}") = "DTO", "DTO\DTO.csproj", "{054B3429-EB06-4AF0-AD5A-F9404ADCDBC2}"
EndProject
Project("{FAE04EC0-301F-11D3-BF4B-00C04F79EFBC}") = "DAL", "DAL\DAL.csproj", "{BFD4BDE4-EEE1-4DB2-A5EB-6CB21E41173E}"
EndProject
Project("{FAE04EC0-301F-11D3-BF4B-00C04F79EFBC}") = "BLL", "BLL\BLL.csproj", "{EF753549-4226-4E23-9502-EA933E856D87}"
EndProject
Global
	GlobalSection(SolutionConfigurationPlatforms) = preSolution
		Debug|Any CPU = Debug|Any CPU
		Release|Any CPU = Release|Any CPU
	EndGlobalSection
	GlobalSection(ProjectConfigurationPlatforms) = postSolution
		{949963D8-8AF4-470B-83EE-960D8B06043F}.Debug|Any CPU.ActiveCfg = Debug|Any CPU
		{949963D8-8AF4-470B-83EE-960D8B06043F}.Debug|Any CPU.Build.0 = Debug|Any CPU
		{949963D8-8AF4-470B-83EE-960D8B06043F}.Release|Any CPU.ActiveCfg = Release|Any CPU
		{949963D8-8AF4-470B-83EE-960D8B06043F}.Release|Any CPU.Build.0 = Release|Any CPU
		{054B3429-EB06-4AF0-AD5A-F9404ADCDBC2}.Debug|Any CPU.ActiveCfg = Debug|Any CPU
		{054B3429-EB06-4AF0-AD5A-F9404ADCDBC2}.Debug|Any CPU.Build.0 = Debug|Any CPU
		{054B3429-EB06-4AF0-AD5A-F9404ADCDBC2}.Release|Any CPU.ActiveCfg = Release|Any CPU
		{054B3429-EB06-4AF0-AD5A-F9404ADCDBC2}.Release|Any CPU.Build.0 = Release|Any CPU
		{BFD4BDE4-EEE1-4DB2-A5EB-6CB21E41173E}.Debug|Any CPU.ActiveCfg = Debug|Any CPU
		{BFD4BDE4-EEE1-4DB2-A5EB-6CB21E41173E}.Debug|Any CPU.Build.0 = Debug|Any CPU
		{BFD4BDE4-EEE1-4DB2-A5EB-6CB21E41173E}.Release|Any CPU.ActiveCfg = Release|Any CPU
		{BFD4BDE4-EEE1-4DB2-A5EB-6CB21E41173E}.Release|Any CPU.Build.0 = Release|Any CPU
		{EF753549-4226-4E23-9502-EA933E856D87}.Debug|Any CPU.ActiveCfg = Debug|Any CPU
		{EF753549-4226-4E23-9502-EA933E856D87}.Debug|Any CPU.Build.0 = Debug|Any CPU
		{EF753549-4226-4E23-9502-EA933E856D87}.Release|Any CPU.ActiveCfg = Release|Any CPU
		{EF753549-4226-4E23-9502-EA933E856D87}.Release|Any CPU.Build.0 = Release|Any CPU
	EndGlobalSection
	GlobalSection(SolutionProperties) = preSolution
		HideSolutionNode = FALSE
	EndGlobalSection
	GlobalSection(ExtensibilityGlobals) = postSolution
		SolutionGuid = {F8934BBE-92C2-400C-80A0-7428CDAAED1F}
	EndGlobalSection
EndGlobal
